
Microsoft Visual Studio Solution File, Format Version 12.00
# Visual Studio Version 16
VisualStudioVersion = 16.0.31205.134
MinimumVisualStudioVersion = 10.0.40219.1
Project("{FAE04EC0-301F-11D3-BF4B-00C04F79EFBC}") = "PushNotApi", "PushNotApi.csproj", "{89F85FD3-5737-4F47-9C28-0DB33ECC8B19}"
EndProject
Global
	GlobalSection(SolutionConfigurationPlatforms) = preSolution
		Debug|Any CPU = Debug|Any CPU
		Release|Any CPU = Release|Any CPU
	EndGlobalSection
	GlobalSection(ProjectConfigurationPlatforms) = postSolution
		{89F85FD3-5737-4F47-9C28-0DB33ECC8B19}.Debug|Any CPU.ActiveCfg = Debug|Any CPU
		{89F85FD3-5737-4F47-9C28-0DB33ECC8B19}.Debug|Any CPU.Build.0 = Debug|Any CPU
		{89F85FD3-5737-4F47-9C28-0DB33ECC8B19}.Release|Any CPU.ActiveCfg = Release|Any CPU
		{89F85FD3-5737-4F47-9C28-0DB33ECC8B19}.Release|Any CPU.Build.0 = Release|Any CPU
	EndGlobalSection
	GlobalSection(SolutionProperties) = preSolution
		HideSolutionNode = FALSE
	EndGlobalSection
	GlobalSection(ExtensibilityGlobals) = postSolution
		SolutionGuid = {764DB137-BE25-4D4A-AAB1-E87E5BEDCDF4}
	EndGlobalSection
EndGlobal
